
Microsoft Visual Studio Solution File, Format Version 12.00
# Visual Studio 15
VisualStudioVersion = 15.0.28307.421
MinimumVisualStudioVersion = 10.0.40219.1
Project("{FAE04EC0-301F-11D3-BF4B-00C04F79EFBC}") = "ElevenNote.WebMVC", "ElevenNote.WebMVC\ElevenNote.WebMVC.csproj", "{C03641BA-AB7A-41B1-91C8-D96ACA645E11}"
EndProject
Global
	GlobalSection(SolutionConfigurationPlatforms) = preSolution
		Debug|Any CPU = Debug|Any CPU
		Release|Any CPU = Release|Any CPU
	EndGlobalSection
	GlobalSection(ProjectConfigurationPlatforms) = postSolution
		{C03641BA-AB7A-41B1-91C8-D96ACA645E11}.Debug|Any CPU.ActiveCfg = Debug|Any CPU
		{C03641BA-AB7A-41B1-91C8-D96ACA645E11}.Debug|Any CPU.Build.0 = Debug|Any CPU
		{C03641BA-AB7A-41B1-91C8-D96ACA645E11}.Release|Any CPU.ActiveCfg = Release|Any CPU
		{C03641BA-AB7A-41B1-91C8-D96ACA645E11}.Release|Any CPU.Build.0 = Release|Any CPU
	EndGlobalSection
	GlobalSection(SolutionProperties) = preSolution
		HideSolutionNode = FALSE
	EndGlobalSection
	GlobalSection(ExtensibilityGlobals) = postSolution
		SolutionGuid = {4D13309C-44E5-4B4E-9979-CCAD2F93A8CD}
	EndGlobalSection
EndGlobal
